
Microsoft Visual Studio Solution File, Format Version 12.00
# Visual Studio Version 17
VisualStudioVersion = 17.8.34322.80
MinimumVisualStudioVersion = 10.0.40219.1
Project("{FAE04EC0-301F-11D3-BF4B-00C04F79EFBC}") = "asp_shop_prj", "asp_shop_prj.csproj", "{5746291D-787A-4F0C-9CDB-0D7B9758D505}"
EndProject
Global
	GlobalSection(SolutionConfigurationPlatforms) = preSolution
		Debug|Any CPU = Debug|Any CPU
		Release|Any CPU = Release|Any CPU
	EndGlobalSection
	GlobalSection(ProjectConfigurationPlatforms) = postSolution
		{5746291D-787A-4F0C-9CDB-0D7B9758D505}.Debug|Any CPU.ActiveCfg = Debug|Any CPU
		{5746291D-787A-4F0C-9CDB-0D7B9758D505}.Debug|Any CPU.Build.0 = Debug|Any CPU
		{5746291D-787A-4F0C-9CDB-0D7B9758D505}.Release|Any CPU.ActiveCfg = Release|Any CPU
		{5746291D-787A-4F0C-9CDB-0D7B9758D505}.Release|Any CPU.Build.0 = Release|Any CPU
	EndGlobalSection
	GlobalSection(SolutionProperties) = preSolution
		HideSolutionNode = FALSE
	EndGlobalSection
	GlobalSection(ExtensibilityGlobals) = postSolution
		SolutionGuid = {17AE80E4-88B5-4303-A8ED-F36E44F06FC9}
	EndGlobalSection
EndGlobal
